
Microsoft Visual Studio Solution File, Format Version 12.00
# Visual Studio Version 16
VisualStudioVersion = 16.0.29009.5
MinimumVisualStudioVersion = 10.0.40219.1
Project("{FAE04EC0-301F-11D3-BF4B-00C04F79EFBC}") = "color-picker", "color-picker.csproj", "{7FFA912F-D8D3-46F8-86E1-B07FE98B5BE2}"
EndProject
Global
	GlobalSection(SolutionConfigurationPlatforms) = preSolution
		Debug|Any CPU = Debug|Any CPU
		Release|Any CPU = Release|Any CPU
	EndGlobalSection
	GlobalSection(ProjectConfigurationPlatforms) = postSolution
		{7FFA912F-D8D3-46F8-86E1-B07FE98B5BE2}.Debug|Any CPU.ActiveCfg = Debug|Any CPU
		{7FFA912F-D8D3-46F8-86E1-B07FE98B5BE2}.Debug|Any CPU.Build.0 = Debug|Any CPU
		{7FFA912F-D8D3-46F8-86E1-B07FE98B5BE2}.Release|Any CPU.ActiveCfg = Release|Any CPU
		{7FFA912F-D8D3-46F8-86E1-B07FE98B5BE2}.Release|Any CPU.Build.0 = Release|Any CPU
	EndGlobalSection
	GlobalSection(SolutionProperties) = preSolution
		HideSolutionNode = FALSE
	EndGlobalSection
	GlobalSection(ExtensibilityGlobals) = postSolution
		SolutionGuid = {58B46F6E-4805-4D37-9E75-3BE09830EF03}
	EndGlobalSection
EndGlobal
